{
  "name": "netfixer",
  "version": "1.2.1",
  "lockfileVersion": 3,
  "requires": true,
  "packages": {
    "": {
      "name": "netfixer",
      "version": "1.2.1",
      "license": "MIT",
      "dependencies": {
        "netfixer": "^0.5.0"
      },
      "devDependencies": {
        "typescript": "^5.0.0"
      }
    },
    "node_modules/netfixer": {
      "version": "0.5.0",
      "resolved": "https://registry.npmjs.org/netfixer/-/netfixer-0.5.0.tgz",
      "integrity": "sha512-nzyFBL5XswnmmQm6tKqvvhScdBsdYsbRq1nWu2Jm9ZUqNwjAG+tjab1hTf+MN3AeSpGmgubiXm2H/PFlwa5NOA==",
      "license": "MIT"
    },
    "node_modules/typescript": {
      "version": "5.9.3",
      "resolved": "https://registry.npmjs.org/typescript/-/typescript-5.9.3.tgz",
      "integrity": "sha512-jl1vZzPDinLr9eUt3J/t7V6FgNEw9QjvBPdysz9KfQDD41fQrC2Y4vKQdiaUpFT4bXlb1RHhLpp8wtm6M5TgSw==",
      "dev": true,
      "license": "Apache-2.0",
      "bin": {
        "tsc": "bin/tsc",
        "tsserver": "bin/tsserver"
      },
      "engines": {
        "node": ">=14.17"
      }
    }
  }
}
